<?xml version="1.0" encoding="utf-8"?>
<Project ToolsVersion="4.0" xmlns="http://schemas.microsoft.com/developer/msbuild/2003">
  <ItemGroup>
    <Filter Include="Source Files">
      <UniqueIdentifier>{4FC737F1-C7A5-4376-A066-2A32D752A2FF}</UniqueIdentifier>
      <Extensions>cpp;c;cc;cxx;c++;cppm;ixx;def;odl;idl;hpj;bat;asm;asmx</Extensions>
    </Filter>
    <Filter Include="Header Files">
      <UniqueIdentifier>{93995380-89BD-4b04-88EB-625FBE52EBFB}</UniqueIdentifier>
      <Extensions>h;hh;hpp;hxx;h++;hm;inl;inc;ipp;xsd</Extensions>
    </Filter>
    <Filter Include="Resource Files">
      <UniqueIdentifier>{67DA6AB6-F800-4c08-8B7A-83BB121AAD01}</UniqueIdentifier>
      <Extensions>rc;ico;cur;bmp;dlg;rc2;rct;bin;rgs;gif;jpg;jpeg;jpe;resx;tiff;tif;png;wav;mfcribbon-ms</Extensions>
    </Filter>
    <Filter Include="Source Files\GAME STARTING">
      <UniqueIdentifier>{ba111374-14b0-4fda-b0cb-c509baa13929}</UniqueIdentifier>
    </Filter>
    <Filter Include="Source Files\PLAY MODE">
      <UniqueIdentifier>{31e101e4-9dc5-4ad0-bdc4-f5ff1ca8f37f}</UniqueIdentifier>
    </Filter>
  </ItemGroup>
  <ItemGroup>
    <ClCompile Include="PIKACHU.cpp">
      <Filter>Source Files</Filter>
    </ClCompile>
    <ClCompile Include="MENU.cpp">
      <Filter>Source Files\GAME STARTING</Filter>
    </ClCompile>
    <ClCompile Include="SOUND.cpp">
      <Filter>Source Files</Filter>
    </ClCompile>
    <ClCompile Include="PLAY.cpp">
      <Filter>Source Files\GAME STARTING</Filter>
    </ClCompile>
    <ClCompile Include="ACCOUNT.cpp">
      <Filter>Source Files</Filter>
    </ClCompile>
    <ClCompile Include="FILE.cpp">
      <Filter>Source Files</Filter>
    </ClCompile>
    <ClCompile Include="ADVANCED MODE.cpp">
      <Filter>Source Files\PLAY MODE</Filter>
    </ClCompile>
    <ClCompile Include="NORMAL CHECK.cpp">
      <Filter>Source Files\PLAY MODE</Filter>
    </ClCompile>
    <ClCompile Include="NORMAL MODE.cpp">
      <Filter>Source Files\PLAY MODE</Filter>
    </ClCompile>
    <ClCompile Include="LINKEDLIST.cpp">
      <Filter>Source Files\PLAY MODE</Filter>
    </ClCompile>
  </ItemGroup>
  <ItemGroup>
    <ClInclude Include="Struct.h">
      <Filter>Header Files</Filter>
    </ClInclude>
    <ClInclude Include="soundlib.h">
      <Filter>Header Files</Filter>
    </ClInclude>
  </ItemGroup>
</Project>